
Microsoft Visual Studio Solution File, Format Version 12.00
# Visual Studio Version 16
VisualStudioVersion = 16.0.29424.173
MinimumVisualStudioVersion = 10.0.40219.1
Project("{FAE04EC0-301F-11D3-BF4B-00C04F79EFBC}") = "LabCifrado", "LabCifrado\LabCifrado.csproj", "{2136BDAC-331C-450B-BF73-EB2CC5F451BA}"
EndProject
Global
	GlobalSection(SolutionConfigurationPlatforms) = preSolution
		Debug|Any CPU = Debug|Any CPU
		Release|Any CPU = Release|Any CPU
	EndGlobalSection
	GlobalSection(ProjectConfigurationPlatforms) = postSolution
		{2136BDAC-331C-450B-BF73-EB2CC5F451BA}.Debug|Any CPU.ActiveCfg = Debug|Any CPU
		{2136BDAC-331C-450B-BF73-EB2CC5F451BA}.Debug|Any CPU.Build.0 = Debug|Any CPU
		{2136BDAC-331C-450B-BF73-EB2CC5F451BA}.Release|Any CPU.ActiveCfg = Release|Any CPU
		{2136BDAC-331C-450B-BF73-EB2CC5F451BA}.Release|Any CPU.Build.0 = Release|Any CPU
	EndGlobalSection
	GlobalSection(SolutionProperties) = preSolution
		HideSolutionNode = FALSE
	EndGlobalSection
	GlobalSection(ExtensibilityGlobals) = postSolution
		SolutionGuid = {AD216CCD-CE22-43AA-ACCB-8E570B681E99}
	EndGlobalSection
EndGlobal
